
Microsoft Visual Studio Solution File, Format Version 12.00
# Visual Studio 15
Project("{2150E333-8FDC-42A3-9474-1A3956D46DE8}") = "src", "src", "{BE3417FF-0ADC-47F6-B61D-0B553BBFBB16}"
EndProject
Project("{2150E333-8FDC-42A3-9474-1A3956D46DE8}") = "Shared", "Shared", "{78238F44-956A-4DD1-991E-1587E8945026}"
EndProject
Project("{FAE04EC0-301F-11D3-BF4B-00C04F79EFBC}") = "Example3D.Domain.Core", "src\Shared\Example3D.Domain.Core\Example3D.Domain.Core.csproj", "{FFA47BA1-FBAB-4852-B507-FEEB81B6E3D2}"
EndProject
Project("{FAE04EC0-301F-11D3-BF4B-00C04F79EFBC}") = "Example3D.Infrastructure.Core", "src\Shared\Example3D.Infrastructure.Core\Example3D.Infrastructure.Core.csproj", "{2B26ACB9-B83C-4A8F-A7C9-34F65DE462C4}"
EndProject
Project("{2150E333-8FDC-42A3-9474-1A3956D46DE8}") = "Services", "Services", "{A4190333-79CA-4F6A-8B16-C39153069A82}"
EndProject
Project("{2150E333-8FDC-42A3-9474-1A3956D46DE8}") = "ApiGateways", "ApiGateways", "{40CBF1D6-D9C5-46CB-9330-105CCE7FA9F7}"
EndProject
Project("{2150E333-8FDC-42A3-9474-1A3956D46DE8}") = "Accounts", "Accounts", "{759C0CB3-C11F-459F-B1E1-419583604800}"
EndProject
Project("{2150E333-8FDC-42A3-9474-1A3956D46DE8}") = "Books", "Books", "{42E12584-C6D4-4A26-9A91-FED3258D7B65}"
EndProject
Project("{FAE04EC0-301F-11D3-BF4B-00C04F79EFBC}") = "Example3D.Accounts.API", "src\Services\Accounts\Example3D.Accounts.API\Example3D.Accounts.API.csproj", "{E6C6F099-AC3C-45A9-8904-CD3884319BC2}"
EndProject
Project("{FAE04EC0-301F-11D3-BF4B-00C04F79EFBC}") = "Example3D.Accounts.Application", "src\Services\Accounts\Example3D.Accounts.Application\Example3D.Accounts.Application.csproj", "{E56D87D8-A14E-4996-910D-368001E58814}"
EndProject
Project("{FAE04EC0-301F-11D3-BF4B-00C04F79EFBC}") = "Example3D.Accounts.Domain", "src\Services\Accounts\Example3D.Accounts.Domain\Example3D.Accounts.Domain.csproj", "{FEBB4CF3-6C6C-4FD9-BB04-1FCBC137DC9E}"
EndProject
Project("{FAE04EC0-301F-11D3-BF4B-00C04F79EFBC}") = "Example3D.Accounts.Infrastructure", "src\Services\Accounts\Example3D.Accounts.Infrastructure\Example3D.Accounts.Infrastructure.csproj", "{DDFEEA9A-2C88-42EC-808C-F2BFBFE2566C}"
EndProject
Project("{FAE04EC0-301F-11D3-BF4B-00C04F79EFBC}") = "Example3D.Books.API", "src\Services\Books\Example3D.Books.API\Example3D.Books.API.csproj", "{8A409EF9-48CB-4473-B2B1-131A0F26E99C}"
EndProject
Project("{FAE04EC0-301F-11D3-BF4B-00C04F79EFBC}") = "Example3D.Books.Application", "src\Services\Books\Example3D.Books.Application\Example3D.Books.Application.csproj", "{F3A780DA-BE75-45D9-AF1F-098698D3B052}"
EndProject
Project("{FAE04EC0-301F-11D3-BF4B-00C04F79EFBC}") = "Example3D.Books.Domain", "src\Services\Books\Example3D.Books.Domain\Example3D.Books.Domain.csproj", "{80AA00C9-4721-41CC-89A0-49F8D683BA70}"
EndProject
Project("{FAE04EC0-301F-11D3-BF4B-00C04F79EFBC}") = "Example3D.Books.Infrastructure", "src\Services\Books\Example3D.Books.Infrastructure\Example3D.Books.Infrastructure.csproj", "{528AD53C-FBEA-4F22-9FEB-364384053FC0}"
EndProject
Project("{2150E333-8FDC-42A3-9474-1A3956D46DE8}") = "Web.BFF", "Web.BFF", "{93582EE9-4716-4C00-804C-97DB64BE2417}"
EndProject
Project("{FAE04EC0-301F-11D3-BF4B-00C04F79EFBC}") = "Web.BFF", "src\ApiGateways\Web.BFF\Web.BFF.csproj", "{9D7C15CB-9EDE-4EF2-B4C4-0EBFC41E354D}"
EndProject
Project("{2150E333-8FDC-42A3-9474-1A3956D46DE8}") = "Mobile.BFF", "Mobile.BFF", "{5E771C88-0A8A-4A49-8105-6171B7E78EFF}"
EndProject
Project("{FAE04EC0-301F-11D3-BF4B-00C04F79EFBC}") = "Mobile.BFF", "src\ApiGateways\Mobile.BFF\Mobile.BFF.csproj", "{EEFAB9CA-06DD-4691-A51B-3454BD8052AE}"
EndProject
Global
	GlobalSection(SolutionConfigurationPlatforms) = preSolution
		Debug|Any CPU = Debug|Any CPU
		Release|Any CPU = Release|Any CPU
	EndGlobalSection
	GlobalSection(ProjectConfigurationPlatforms) = postSolution
		{FFA47BA1-FBAB-4852-B507-FEEB81B6E3D2}.Debug|Any CPU.ActiveCfg = Debug|Any CPU
		{FFA47BA1-FBAB-4852-B507-FEEB81B6E3D2}.Debug|Any CPU.Build.0 = Debug|Any CPU
		{FFA47BA1-FBAB-4852-B507-FEEB81B6E3D2}.Release|Any CPU.ActiveCfg = Release|Any CPU
		{FFA47BA1-FBAB-4852-B507-FEEB81B6E3D2}.Release|Any CPU.Build.0 = Release|Any CPU
		{2B26ACB9-B83C-4A8F-A7C9-34F65DE462C4}.Debug|Any CPU.ActiveCfg = Debug|Any CPU
		{2B26ACB9-B83C-4A8F-A7C9-34F65DE462C4}.Debug|Any CPU.Build.0 = Debug|Any CPU
		{2B26ACB9-B83C-4A8F-A7C9-34F65DE462C4}.Release|Any CPU.ActiveCfg = Release|Any CPU
		{2B26ACB9-B83C-4A8F-A7C9-34F65DE462C4}.Release|Any CPU.Build.0 = Release|Any CPU
		{E6C6F099-AC3C-45A9-8904-CD3884319BC2}.Debug|Any CPU.ActiveCfg = Debug|Any CPU
		{E6C6F099-AC3C-45A9-8904-CD3884319BC2}.Debug|Any CPU.Build.0 = Debug|Any CPU
		{E6C6F099-AC3C-45A9-8904-CD3884319BC2}.Release|Any CPU.ActiveCfg = Release|Any CPU
		{E6C6F099-AC3C-45A9-8904-CD3884319BC2}.Release|Any CPU.Build.0 = Release|Any CPU
		{E56D87D8-A14E-4996-910D-368001E58814}.Debug|Any CPU.ActiveCfg = Debug|Any CPU
		{E56D87D8-A14E-4996-910D-368001E58814}.Debug|Any CPU.Build.0 = Debug|Any CPU
		{E56D87D8-A14E-4996-910D-368001E58814}.Release|Any CPU.ActiveCfg = Release|Any CPU
		{E56D87D8-A14E-4996-910D-368001E58814}.Release|Any CPU.Build.0 = Release|Any CPU
		{FEBB4CF3-6C6C-4FD9-BB04-1FCBC137DC9E}.Debug|Any CPU.ActiveCfg = Debug|Any CPU
		{FEBB4CF3-6C6C-4FD9-BB04-1FCBC137DC9E}.Debug|Any CPU.Build.0 = Debug|Any CPU
		{FEBB4CF3-6C6C-4FD9-BB04-1FCBC137DC9E}.Release|Any CPU.ActiveCfg = Release|Any CPU
		{FEBB4CF3-6C6C-4FD9-BB04-1FCBC137DC9E}.Release|Any CPU.Build.0 = Release|Any CPU
		{DDFEEA9A-2C88-42EC-808C-F2BFBFE2566C}.Debug|Any CPU.ActiveCfg = Debug|Any CPU
		{DDFEEA9A-2C88-42EC-808C-F2BFBFE2566C}.Debug|Any CPU.Build.0 = Debug|Any CPU
		{DDFEEA9A-2C88-42EC-808C-F2BFBFE2566C}.Release|Any CPU.ActiveCfg = Release|Any CPU
		{DDFEEA9A-2C88-42EC-808C-F2BFBFE2566C}.Release|Any CPU.Build.0 = Release|Any CPU
		{8A409EF9-48CB-4473-B2B1-131A0F26E99C}.Debug|Any CPU.ActiveCfg = Debug|Any CPU
		{8A409EF9-48CB-4473-B2B1-131A0F26E99C}.Debug|Any CPU.Build.0 = Debug|Any CPU
		{8A409EF9-48CB-4473-B2B1-131A0F26E99C}.Release|Any CPU.ActiveCfg = Release|Any CPU
		{8A409EF9-48CB-4473-B2B1-131A0F26E99C}.Release|Any CPU.Build.0 = Release|Any CPU
		{F3A780DA-BE75-45D9-AF1F-098698D3B052}.Debug|Any CPU.ActiveCfg = Debug|Any CPU
		{F3A780DA-BE75-45D9-AF1F-098698D3B052}.Debug|Any CPU.Build.0 = Debug|Any CPU
		{F3A780DA-BE75-45D9-AF1F-098698D3B052}.Release|Any CPU.ActiveCfg = Release|Any CPU
		{F3A780DA-BE75-45D9-AF1F-098698D3B052}.Release|Any CPU.Build.0 = Release|Any CPU
		{80AA00C9-4721-41CC-89A0-49F8D683BA70}.Debug|Any CPU.ActiveCfg = Debug|Any CPU
		{80AA00C9-4721-41CC-89A0-49F8D683BA70}.Debug|Any CPU.Build.0 = Debug|Any CPU
		{80AA00C9-4721-41CC-89A0-49F8D683BA70}.Release|Any CPU.ActiveCfg = Release|Any CPU
		{80AA00C9-4721-41CC-89A0-49F8D683BA70}.Release|Any CPU.Build.0 = Release|Any CPU
		{528AD53C-FBEA-4F22-9FEB-364384053FC0}.Debug|Any CPU.ActiveCfg = Debug|Any CPU
		{528AD53C-FBEA-4F22-9FEB-364384053FC0}.Debug|Any CPU.Build.0 = Debug|Any CPU
		{528AD53C-FBEA-4F22-9FEB-364384053FC0}.Release|Any CPU.ActiveCfg = Release|Any CPU
		{528AD53C-FBEA-4F22-9FEB-364384053FC0}.Release|Any CPU.Build.0 = Release|Any CPU
		{9D7C15CB-9EDE-4EF2-B4C4-0EBFC41E354D}.Debug|Any CPU.ActiveCfg = Debug|Any CPU
		{9D7C15CB-9EDE-4EF2-B4C4-0EBFC41E354D}.Debug|Any CPU.Build.0 = Debug|Any CPU
		{9D7C15CB-9EDE-4EF2-B4C4-0EBFC41E354D}.Release|Any CPU.ActiveCfg = Release|Any CPU
		{9D7C15CB-9EDE-4EF2-B4C4-0EBFC41E354D}.Release|Any CPU.Build.0 = Release|Any CPU
		{EEFAB9CA-06DD-4691-A51B-3454BD8052AE}.Debug|Any CPU.ActiveCfg = Debug|Any CPU
		{EEFAB9CA-06DD-4691-A51B-3454BD8052AE}.Debug|Any CPU.Build.0 = Debug|Any CPU
		{EEFAB9CA-06DD-4691-A51B-3454BD8052AE}.Release|Any CPU.ActiveCfg = Release|Any CPU
		{EEFAB9CA-06DD-4691-A51B-3454BD8052AE}.Release|Any CPU.Build.0 = Release|Any CPU
	EndGlobalSection
	GlobalSection(NestedProjects) = preSolution
		{78238F44-956A-4DD1-991E-1587E8945026} = {BE3417FF-0ADC-47F6-B61D-0B553BBFBB16}
		{FFA47BA1-FBAB-4852-B507-FEEB81B6E3D2} = {78238F44-956A-4DD1-991E-1587E8945026}
		{2B26ACB9-B83C-4A8F-A7C9-34F65DE462C4} = {78238F44-956A-4DD1-991E-1587E8945026}
		{A4190333-79CA-4F6A-8B16-C39153069A82} = {BE3417FF-0ADC-47F6-B61D-0B553BBFBB16}
		{40CBF1D6-D9C5-46CB-9330-105CCE7FA9F7} = {BE3417FF-0ADC-47F6-B61D-0B553BBFBB16}
		{759C0CB3-C11F-459F-B1E1-419583604800} = {A4190333-79CA-4F6A-8B16-C39153069A82}
		{42E12584-C6D4-4A26-9A91-FED3258D7B65} = {A4190333-79CA-4F6A-8B16-C39153069A82}
		{E6C6F099-AC3C-45A9-8904-CD3884319BC2} = {759C0CB3-C11F-459F-B1E1-419583604800}
		{E56D87D8-A14E-4996-910D-368001E58814} = {759C0CB3-C11F-459F-B1E1-419583604800}
		{FEBB4CF3-6C6C-4FD9-BB04-1FCBC137DC9E} = {759C0CB3-C11F-459F-B1E1-419583604800}
		{DDFEEA9A-2C88-42EC-808C-F2BFBFE2566C} = {759C0CB3-C11F-459F-B1E1-419583604800}
		{8A409EF9-48CB-4473-B2B1-131A0F26E99C} = {42E12584-C6D4-4A26-9A91-FED3258D7B65}
		{F3A780DA-BE75-45D9-AF1F-098698D3B052} = {42E12584-C6D4-4A26-9A91-FED3258D7B65}
		{80AA00C9-4721-41CC-89A0-49F8D683BA70} = {42E12584-C6D4-4A26-9A91-FED3258D7B65}
		{528AD53C-FBEA-4F22-9FEB-364384053FC0} = {42E12584-C6D4-4A26-9A91-FED3258D7B65}
		{93582EE9-4716-4C00-804C-97DB64BE2417} = {40CBF1D6-D9C5-46CB-9330-105CCE7FA9F7}
		{9D7C15CB-9EDE-4EF2-B4C4-0EBFC41E354D} = {93582EE9-4716-4C00-804C-97DB64BE2417}
		{5E771C88-0A8A-4A49-8105-6171B7E78EFF} = {40CBF1D6-D9C5-46CB-9330-105CCE7FA9F7}
		{EEFAB9CA-06DD-4691-A51B-3454BD8052AE} = {5E771C88-0A8A-4A49-8105-6171B7E78EFF}
	EndGlobalSection
EndGlobal
